{
    "_meta": {
        "hash": {
            "sha256": "78e15dd01ed34c411a36acb53a86ae92cf9e17f4815ebcd6ad58893e2f72daf0"
        },
        "host-environment-markers": {
            "implementation_name": "cpython",
            "implementation_version": "0",
            "os_name": "posix",
            "platform_machine": "x86_64",
            "platform_python_implementation": "CPython",
            "platform_release": "16.7.0",
            "platform_system": "Darwin",
            "platform_version": "Darwin Kernel Version 16.7.0: Thu Jun 15 17:36:27 PDT 2017; root:xnu-3789.70.16~2/RELEASE_X86_64",
            "python_full_version": "2.7.10",
            "python_version": "2.7",
            "sys_platform": "darwin"
        },
        "pipfile-spec": 6,
        "requires": {
            "python_version": "2.7"
        },
        "sources": [
            {
                "name": "pypi",
                "url": "https://pypi.python.org/simple",
                "verify_ssl": true
            }
        ]
    },
    "default": {
        "click": {
            "hashes": [
                "sha256:29f99fc6125fbc931b758dc053b3114e55c77a6e4c6c3a2674a2dc986016381d",
                "sha256:f15516df478d5a56180fbf80e68f206010e6d160fc39fa508b65e035fd75130b"
            ],
            "version": "==6.7"
        },
        "flask": {
            "hashes": [
                "sha256:0749df235e3ff61ac108f69ac178c9770caeaccad2509cb762ce1f65570a8856",
                "sha256:49f44461237b69ecd901cc7ce66feea0319b9158743dd27a2899962ab214dac1"
            ],
            "version": "==0.12.2"
        },
        "gunicorn": {
            "hashes": [
                "sha256:75af03c99389535f218cc596c7de74df4763803f7b63eb09d77e92b3956b36c6",
                "sha256:eee1169f0ca667be05db3351a0960765620dad53f53434262ff8901b68a1b622"
            ],
            "version": "==19.7.1"
        },
        "itsdangerous": {
            "hashes": [
                "sha256:cbb3fcf8d3e33df861709ecaf89d9e6629cff0a217bc2848f1b41cd30d360519"
            ],
            "version": "==0.24"
        },
        "jinja2": {
            "hashes": [
                "sha256:2231bace0dfd8d2bf1e5d7e41239c06c9e0ded46e70cc1094a0aa64b0afeb054",
                "sha256:ddaa01a212cd6d641401cb01b605f4a4d9f37bfc93043d7f760ec70fb99ff9ff"
            ],
            "version": "==2.9.6"
        },
        "markupsafe": {
            "hashes": [
                "sha256:a6be69091dac236ea9c6bc7d012beab42010fa914c459791d627dad4910eb665"
            ],
            "version": "==1.0"
        },
        "numpy": {
            "hashes": [
                "sha256:6cd9802d9d67abc95c649fff6a56ddd2e9ca060dc9de3d63697f18b263af53fd",
                "sha256:f73d6f7339216c382ff512d0c51a26830b0c4e5c1dc157bcb1780cf6ef866ab1",
                "sha256:0ed614e0c426a7dad2bfa642d7a541868560648635c62108ace45bfc0b814f7b",
                "sha256:ff64c4a6d588ebacfbc50cc5604637cdfdc37fa03ae3e32ab947972d26b12429",
                "sha256:e2eba63ac2907d76a02344793aac9ee6466082e11eed83a1e31b8d7bd61da0bd",
                "sha256:8b7450bea8ebf8f9eaaa2c12daf34b313fc5e492bbb41a99e4890e2bce722bde",
                "sha256:a92ecb1c4db742b9a74992a4c4d54bbcb0eefcb3ff625f73e9887fbc9b19576b",
                "sha256:3f658ff8d374748e41b5b24d9a4e40d3c8ae789a0c104620c4fa76864e792946",
                "sha256:54e76ae22f5844dddcf01785243c83366915ffcd74174baec8c33577925dd6bb",
                "sha256:3536a270d87e2137eec613aaaa07a21ee080146e076ac13892d7661559bb3aca",
                "sha256:2745b1d64445da3c29a34450320025c11897ae4af77475f861966e98b2cb1a0f",
                "sha256:a01b100a797f51b6783c3eb0ece2ee2a0678fdd1695c985c8da2427d62e23562"
            ],
            "version": "==1.9.0"
        },
        "scipy": {
            "hashes": [
                "sha256:619be58b933459274c13f69b2690cdfab6b21f0e100393d427a4db0bcf3aaa8d",
                "sha256:6c35ae71ce9053455aae70237c81d711b012400bd011730745b952b44bb01faa",
                "sha256:9e134ad32bca87f102f42360d71834c234066427407c2601bb307380585b1851",
                "sha256:a5d40de8d8f208a4f14c21b7985d332d0ca216ac427f205ed7d613fe36b01783",
                "sha256:2f0c05a0d12545c1d6a125a76f6520bb91b0d02a39f14e7ea397792d397145f3",
                "sha256:c53fe3f6a51120f5261947d1ee25033787fa2facd64fb49cbab49ba22ecf6910",
                "sha256:45c60ccd7efed7ce07b1106a5a9f4124515bb1f0c72360aaa4b5a341bb95b364",
                "sha256:19ffd3f6b4e5bc3fdde459fa3b6a7e0df128c94aaf964d93bf1cf6c9831c2ab1",
                "sha256:e7fe93ffc4b55d8357238406b1b9e47a4f932474238e2bfdb552423bcd45dc5e",
                "sha256:2c56de6724201cc960f834189b1f97ead0dda9a48ca806f675a9b62a14a3f7c8"
            ],
            "version": "==0.13.0"
        },
        "werkzeug": {
            "hashes": [
                "sha256:e8549c143af3ce6559699a01e26fa4174f4c591dbee0a499f3cd4c3781cdec3d",
                "sha256:903a7b87b74635244548b30d30db4c8947fe64c5198f58899ddcd3a13c23bb26"
            ],
            "version": "==0.12.2"
        }
    },
    "develop": {}
}
